
Microsoft Visual Studio Solution File, Format Version 12.00
# Visual Studio 15
VisualStudioVersion = 15.0.27703.2042
MinimumVisualStudioVersion = 10.0.40219.1
Project("{FAE04EC0-301F-11D3-BF4B-00C04F79EFBC}") = "MoviesManagement", "MoviesManagement\MoviesManagement.csproj", "{2CB51635-E08C-4705-BEB8-164D4A2C7522}"
EndProject
Global
	GlobalSection(SolutionConfigurationPlatforms) = preSolution
		Debug|Any CPU = Debug|Any CPU
		Release|Any CPU = Release|Any CPU
	EndGlobalSection
	GlobalSection(ProjectConfigurationPlatforms) = postSolution
		{2CB51635-E08C-4705-BEB8-164D4A2C7522}.Debug|Any CPU.ActiveCfg = Debug|Any CPU
		{2CB51635-E08C-4705-BEB8-164D4A2C7522}.Debug|Any CPU.Build.0 = Debug|Any CPU
		{2CB51635-E08C-4705-BEB8-164D4A2C7522}.Release|Any CPU.ActiveCfg = Release|Any CPU
		{2CB51635-E08C-4705-BEB8-164D4A2C7522}.Release|Any CPU.Build.0 = Release|Any CPU
	EndGlobalSection
	GlobalSection(SolutionProperties) = preSolution
		HideSolutionNode = FALSE
	EndGlobalSection
	GlobalSection(ExtensibilityGlobals) = postSolution
		SolutionGuid = {30F67549-E2C3-457F-AE39-CA6D76DBAE9C}
	EndGlobalSection
EndGlobal
